
Microsoft Visual Studio Solution File, Format Version 12.00
# Visual Studio Version 17
VisualStudioVersion = 17.13.35919.96 d17.13
MinimumVisualStudioVersion = 10.0.40219.1
Project("{FAE04EC0-301F-11D3-BF4B-00C04F79EFBC}") = "ClassLibrary1", "ClassLibrary1\ClassLibrary1.csproj", "{A48DBCEF-F29E-4AF5-8ACC-E3A2B4E3867D}"
EndProject
Global
	GlobalSection(SolutionConfigurationPlatforms) = preSolution
		Debug|Any CPU = Debug|Any CPU
		Release|Any CPU = Release|Any CPU
	EndGlobalSection
	GlobalSection(ProjectConfigurationPlatforms) = postSolution
		{A48DBCEF-F29E-4AF5-8ACC-E3A2B4E3867D}.Debug|Any CPU.ActiveCfg = Debug|Any CPU
		{A48DBCEF-F29E-4AF5-8ACC-E3A2B4E3867D}.Debug|Any CPU.Build.0 = Debug|Any CPU
		{A48DBCEF-F29E-4AF5-8ACC-E3A2B4E3867D}.Release|Any CPU.ActiveCfg = Release|Any CPU
		{A48DBCEF-F29E-4AF5-8ACC-E3A2B4E3867D}.Release|Any CPU.Build.0 = Release|Any CPU
	EndGlobalSection
	GlobalSection(SolutionProperties) = preSolution
		HideSolutionNode = FALSE
	EndGlobalSection
	GlobalSection(ExtensibilityGlobals) = postSolution
		SolutionGuid = {EDF834DB-132B-4FB4-80A1-2B7D9E48C634}
	EndGlobalSection
EndGlobal
